
Microsoft Visual Studio Solution File, Format Version 12.00
# Visual Studio Version 17
VisualStudioVersion = 17.9.34622.214
MinimumVisualStudioVersion = 10.0.40219.1
Project("{FAE04EC0-301F-11D3-BF4B-00C04F79EFBC}") = "BB207_ADO", "BB207_ADO.csproj", "{EE7C0831-EEE6-4346-A627-CD97F07F210A}"
EndProject
Global
	GlobalSection(SolutionConfigurationPlatforms) = preSolution
		Debug|Any CPU = Debug|Any CPU
		Release|Any CPU = Release|Any CPU
	EndGlobalSection
	GlobalSection(ProjectConfigurationPlatforms) = postSolution
		{EE7C0831-EEE6-4346-A627-CD97F07F210A}.Debug|Any CPU.ActiveCfg = Debug|Any CPU
		{EE7C0831-EEE6-4346-A627-CD97F07F210A}.Debug|Any CPU.Build.0 = Debug|Any CPU
		{EE7C0831-EEE6-4346-A627-CD97F07F210A}.Release|Any CPU.ActiveCfg = Release|Any CPU
		{EE7C0831-EEE6-4346-A627-CD97F07F210A}.Release|Any CPU.Build.0 = Release|Any CPU
	EndGlobalSection
	GlobalSection(SolutionProperties) = preSolution
		HideSolutionNode = FALSE
	EndGlobalSection
	GlobalSection(ExtensibilityGlobals) = postSolution
		SolutionGuid = {F97495BA-81D2-4710-8997-D3FFDDC148D5}
	EndGlobalSection
EndGlobal
